
Microsoft Visual Studio Solution File, Format Version 12.00
# Visual Studio Version 16
VisualStudioVersion = 16.0.29613.14
MinimumVisualStudioVersion = 10.0.40219.1
Project("{FAE04EC0-301F-11D3-BF4B-00C04F79EFBC}") = "DDDExample", "DDDExample\DDDExample.csproj", "{EB4A42D4-EED8-49AD-9383-8F025274EB36}"
EndProject
Global
	GlobalSection(SolutionConfigurationPlatforms) = preSolution
		Debug|Any CPU = Debug|Any CPU
		Release|Any CPU = Release|Any CPU
	EndGlobalSection
	GlobalSection(ProjectConfigurationPlatforms) = postSolution
		{EB4A42D4-EED8-49AD-9383-8F025274EB36}.Debug|Any CPU.ActiveCfg = Debug|Any CPU
		{EB4A42D4-EED8-49AD-9383-8F025274EB36}.Debug|Any CPU.Build.0 = Debug|Any CPU
		{EB4A42D4-EED8-49AD-9383-8F025274EB36}.Release|Any CPU.ActiveCfg = Release|Any CPU
		{EB4A42D4-EED8-49AD-9383-8F025274EB36}.Release|Any CPU.Build.0 = Release|Any CPU
	EndGlobalSection
	GlobalSection(SolutionProperties) = preSolution
		HideSolutionNode = FALSE
	EndGlobalSection
	GlobalSection(ExtensibilityGlobals) = postSolution
		SolutionGuid = {E43FC4F9-820F-4DB5-A811-A4109039269A}
	EndGlobalSection
EndGlobal
